{
    "name": "github-red-issues",
    "lockfileVersion": 3,
    "requires": true,
    "packages": {
        "": {
            "name": "github-red-issues",
            "license": "CC-BY-NC-SA-4.0",
            "devDependencies": {
                "adm-zip": "^0.5.10"
            }
        },
        "node_modules/adm-zip": {
            "version": "0.5.10",
            "resolved": "https://registry.npmjs.org/adm-zip/-/adm-zip-0.5.10.tgz",
            "integrity": "sha512-x0HvcHqVJNTPk/Bw8JbLWlWoo6Wwnsug0fnYYro1HBrjxZ3G7/AZk7Ahv8JwDe1uIcz8eBqvu86FuF1POiG7vQ==",
            "dev": true,
            "engines": {
                "node": ">=6.0"
            }
        }
    }
}
