{
    "name": "github-red-issues",
    "lockfileVersion": 3,
    "requires": true,
    "packages": {
        "": {
            "name": "github-red-issues",
            "license": "CC-BY-NC-SA-4.0",
            "devDependencies": {
                "adm-zip": "0.5.17"
            }
        },
        "node_modules/adm-zip": {
            "version": "0.5.17",
            "resolved": "https://registry.npmjs.org/adm-zip/-/adm-zip-0.5.17.tgz",
            "integrity": "sha512-+Ut8d9LLqwEvHHJl1+PIHqoyDxFgVN847JTVM3Izi3xHDWPE4UtzzXysMZQs64DMcrJfBeS/uoEP4AD3HQHnQQ==",
            "dev": true,
            "license": "MIT",
            "engines": {
                "node": ">=12.0"
            }
        }
    }
}
