{
    "name": "github-red-issues",
    "lockfileVersion": 3,
    "requires": true,
    "packages": {
        "": {
            "name": "github-red-issues",
            "license": "CC-BY-NC-SA-4.0",
            "devDependencies": {
                "adm-zip": "0.5.14"
            }
        },
        "node_modules/adm-zip": {
            "version": "0.5.14",
            "resolved": "https://registry.npmjs.org/adm-zip/-/adm-zip-0.5.14.tgz",
            "integrity": "sha512-DnyqqifT4Jrcvb8USYjp6FHtBpEIz1mnXu6pTRHZ0RL69LbQYiO+0lDFg5+OKA7U29oWSs3a/i8fhn8ZcceIWg==",
            "dev": true,
            "engines": {
                "node": ">=12.0"
            }
        }
    }
}
